// !$*UTF8*$!
{
	archiveVersion = 1;
	classes = {
	};
	objectVersion = 48;
	objects = {

/* Begin PBXBuildFile section */
		494605AB1F88364C00B18145 /* Zone.swift in Sources */ = {isa = PBXBuildFile; fileRef = 494605AA1F88364C00B18145 /* Zone.swift */; };
		49B715251F9D024800132AD7 /* GameObject.swift in Sources */ = {isa = PBXBuildFile; fileRef = 49B715241F9D024800132AD7 /* GameObject.swift */; };
		49B715271F9D04FD00132AD7 /* Shape.swift in Sources */ = {isa = PBXBuildFile; fileRef = 49B715261F9D04FD00132AD7 /* Shape.swift */; };
		49B715291F9D05EA00132AD7 /* Fixture.swift in Sources */ = {isa = PBXBuildFile; fileRef = 49B715281F9D05EA00132AD7 /* Fixture.swift */; };
		49B7152B1F9D58D100132AD7 /* PlayAreaTouchEvents.swift in Sources */ = {isa = PBXBuildFile; fileRef = 49B7152A1F9D58D100132AD7 /* PlayAreaTouchEvents.swift */; };
		49FD36441FA63D9E009FABA3 /* CurrencyFormat.swift in Sources */ = {isa = PBXBuildFile; fileRef = 49FD36431FA63D9E009FABA3 /* CurrencyFormat.swift */; };
		4C24BA0E1FB3C08C00EE91B9 /* PassiveIncomeManager.swift in Sources */ = {isa = PBXBuildFile; fileRef = 4C24BA0D1FB3C08C00EE91B9 /* PassiveIncomeManager.swift */; };
		4C24BA101FB3C1FF00EE91B9 /* Notifications.swift in Sources */ = {isa = PBXBuildFile; fileRef = 4C24BA0F1FB3C1FE00EE91B9 /* Notifications.swift */; };
		4C3CBA331FAA4EB10022FFC2 /* Player.swift in Sources */ = {isa = PBXBuildFile; fileRef = 4C3CBA321FAA4EB00022FFC2 /* Player.swift */; };
		4C3CBA351FAA515F0022FFC2 /* PassiveIncomeGenerator.swift in Sources */ = {isa = PBXBuildFile; fileRef = 4C3CBA341FAA515E0022FFC2 /* PassiveIncomeGenerator.swift */; };
		4C4898AC1FBBECC500D6C420 /* StartupPopup.swift in Sources */ = {isa = PBXBuildFile; fileRef = 4C4898AB1FBBECC500D6C420 /* StartupPopup.swift */; };
		4C4898B01FBBFB1D00D6C420 /* Settings.bundle in Resources */ = {isa = PBXBuildFile; fileRef = 4C4898AF1FBBFB1D00D6C420 /* Settings.bundle */; };
		4C4898B21FBBFE3900D6C420 /* SettingsBundleHelper.swift in Sources */ = {isa = PBXBuildFile; fileRef = 4C4898B11FBBFE3900D6C420 /* SettingsBundleHelper.swift */; };
		A37572FD1F9286FB0006CC3B /* MyParticle.sks in Resources */ = {isa = PBXBuildFile; fileRef = A37572FB1F9286FB0006CC3B /* MyParticle.sks */; };
		A37572FE1F9286FB0006CC3B /* Assets.xcassets in Resources */ = {isa = PBXBuildFile; fileRef = A37572FC1F9286FB0006CC3B /* Assets.xcassets */; };
		A37CF7931FB6467200697D70 /* SettingsMenu.swift in Sources */ = {isa = PBXBuildFile; fileRef = A37CF7921FB6467200697D70 /* SettingsMenu.swift */; };
		F804A00E1F90485F0028A5A1 /* Shop.swift in Sources */ = {isa = PBXBuildFile; fileRef = F804A00D1F90485F0028A5A1 /* Shop.swift */; };
		F804A0101F904B8D0028A5A1 /* GameState.swift in Sources */ = {isa = PBXBuildFile; fileRef = F804A00F1F904B8D0028A5A1 /* GameState.swift */; };
		F80E2A081FBCF6A5003E3A2E /* UIClick.mp3 in Resources */ = {isa = PBXBuildFile; fileRef = F80E2A001FBCF6A5003E3A2E /* UIClick.mp3 */; };
		F80E2A091FBCF6A5003E3A2E /* TriangleHit.mp3 in Resources */ = {isa = PBXBuildFile; fileRef = F80E2A021FBCF6A5003E3A2E /* TriangleHit.mp3 */; };
		F80E2A0A1FBCF6A5003E3A2E /* StarHit.mp3 in Resources */ = {isa = PBXBuildFile; fileRef = F80E2A031FBCF6A5003E3A2E /* StarHit.mp3 */; };
		F80E2A0B1FBCF6A5003E3A2E /* PentagonHit.mp3 in Resources */ = {isa = PBXBuildFile; fileRef = F80E2A041FBCF6A5003E3A2E /* PentagonHit.mp3 */; };
		F80E2A0C1FBCF6A5003E3A2E /* HexagonHit.mp3 in Resources */ = {isa = PBXBuildFile; fileRef = F80E2A051FBCF6A5003E3A2E /* HexagonHit.mp3 */; };
		F80E2A0D1FBCF6A5003E3A2E /* SquareHit.mp3 in Resources */ = {isa = PBXBuildFile; fileRef = F80E2A061FBCF6A5003E3A2E /* SquareHit.mp3 */; };
		F80E2A0E1FBCF6A5003E3A2E /* CircleHit.mp3 in Resources */ = {isa = PBXBuildFile; fileRef = F80E2A071FBCF6A5003E3A2E /* CircleHit.mp3 */; };
		F83FF1EA1F95497100200B30 /* SceneCollectionView.swift in Sources */ = {isa = PBXBuildFile; fileRef = F83FF1E91F95497100200B30 /* SceneCollectionView.swift */; };
		F83FF1EC1F95596700200B30 /* SceneShapePreview.swift in Sources */ = {isa = PBXBuildFile; fileRef = F83FF1EB1F95596700200B30 /* SceneShapePreview.swift */; };
		F852D27E1FA2A7E2008168A3 /* SceneCollectionViewCell.swift in Sources */ = {isa = PBXBuildFile; fileRef = F852D27D1FA2A7E2008168A3 /* SceneCollectionViewCell.swift */; };
		F852D2811FA2D43B008168A3 /* NewSceneCollectionViewCell.swift in Sources */ = {isa = PBXBuildFile; fileRef = F852D2801FA2D43B008168A3 /* NewSceneCollectionViewCell.swift */; };
		F898DEBD1FA2FD850028425B /* ProgressBar.swift in Sources */ = {isa = PBXBuildFile; fileRef = F898DEBC1FA2FD850028425B /* ProgressBar.swift */; };
		F8B7C8861FB6867700F072D9 /* CurrentShapes.swift in Sources */ = {isa = PBXBuildFile; fileRef = F8B7C8851FB6867700F072D9 /* CurrentShapes.swift */; };
		F8B7C8881FB69F8100F072D9 /* StoreItem.swift in Sources */ = {isa = PBXBuildFile; fileRef = F8B7C8871FB69F8100F072D9 /* StoreItem.swift */; };
		F8B7C88A1FB6BB8A00F072D9 /* ProgressStore.swift in Sources */ = {isa = PBXBuildFile; fileRef = F8B7C8891FB6BB8A00F072D9 /* ProgressStore.swift */; };
		F8F7D5131FB64ED900D28CA1 /* SceneCollectionDrag.swift in Sources */ = {isa = PBXBuildFile; fileRef = F8F7D5121FB64ED900D28CA1 /* SceneCollectionDrag.swift */; };
		F8FF74201F86ED1A0057AF21 /* AppDelegate.swift in Sources */ = {isa = PBXBuildFile; fileRef = F8FF741F1F86ED1A0057AF21 /* AppDelegate.swift */; };
		F8FF74221F86ED1A0057AF21 /* ViewController.swift in Sources */ = {isa = PBXBuildFile; fileRef = F8FF74211F86ED1A0057AF21 /* ViewController.swift */; };
		F8FF74251F86ED1A0057AF21 /* Main.storyboard in Resources */ = {isa = PBXBuildFile; fileRef = F8FF74231F86ED1A0057AF21 /* Main.storyboard */; };
		F8FF74281F86ED1A0057AF21 /* IncrementalGame.xcdatamodeld in Sources */ = {isa = PBXBuildFile; fileRef = F8FF74261F86ED1A0057AF21 /* IncrementalGame.xcdatamodeld */; };
		F8FF742D1F86ED1A0057AF21 /* LaunchScreen.storyboard in Resources */ = {isa = PBXBuildFile; fileRef = F8FF742B1F86ED1A0057AF21 /* LaunchScreen.storyboard */; };
		F8FF74381F86ED1A0057AF21 /* IncrementalGameTests.swift in Sources */ = {isa = PBXBuildFile; fileRef = F8FF74371F86ED1A0057AF21 /* IncrementalGameTests.swift */; };
		F8FF74431F86ED1A0057AF21 /* IncrementalGameUITests.swift in Sources */ = {isa = PBXBuildFile; fileRef = F8FF74421F86ED1A0057AF21 /* IncrementalGameUITests.swift */; };
		F8FF74511F86ED2D0057AF21 /* MasterView.swift in Sources */ = {isa = PBXBuildFile; fileRef = F8FF74501F86ED2D0057AF21 /* MasterView.swift */; };
		F8FF74531F86ED700057AF21 /* InfoPanel.swift in Sources */ = {isa = PBXBuildFile; fileRef = F8FF74521F86ED700057AF21 /* InfoPanel.swift */; };
		F8FF74591F86EDC60057AF21 /* PlayArea.swift in Sources */ = {isa = PBXBuildFile; fileRef = F8FF74581F86EDC60057AF21 /* PlayArea.swift */; };
		F8FF745D1F870DD20057AF21 /* MasterViewTouchEvents.swift in Sources */ = {isa = PBXBuildFile; fileRef = F8FF745C1F870DD20057AF21 /* MasterViewTouchEvents.swift */; };
		F8FF745F1F87147A0057AF21 /* ObjectType.swift in Sources */ = {isa = PBXBuildFile; fileRef = F8FF745E1F87147A0057AF21 /* ObjectType.swift */; };
/* End PBXBuildFile section */

/* Begin PBXContainerItemProxy section */
		F8FF74341F86ED1A0057AF21 /* PBXContainerItemProxy */ = {
			isa = PBXContainerItemProxy;
			containerPortal = F8FF74141F86ED190057AF21 /* Project object */;
			proxyType = 1;
			remoteGlobalIDString = F8FF741B1F86ED1A0057AF21;
			remoteInfo = IncrementalGame;
		};
		F8FF743F1F86ED1A0057AF21 /* PBXContainerItemProxy */ = {
			isa = PBXContainerItemProxy;
			containerPortal = F8FF74141F86ED190057AF21 /* Project object */;
			proxyType = 1;
			remoteGlobalIDString = F8FF741B1F86ED1A0057AF21;
			remoteInfo = IncrementalGame;
		};
/* End PBXContainerItemProxy section */

/* Begin PBXFileReference section */
		494605AA1F88364C00B18145 /* Zone.swift */ = {isa = PBXFileReference; lastKnownFileType = sourcecode.swift; path = Zone.swift; sourceTree = "<group>"; };
		49B715241F9D024800132AD7 /* GameObject.swift */ = {isa = PBXFileReference; lastKnownFileType = sourcecode.swift; path = GameObject.swift; sourceTree = "<group>"; };
		49B715261F9D04FD00132AD7 /* Shape.swift */ = {isa = PBXFileReference; lastKnownFileType = sourcecode.swift; path = Shape.swift; sourceTree = "<group>"; };
		49B715281F9D05EA00132AD7 /* Fixture.swift */ = {isa = PBXFileReference; lastKnownFileType = sourcecode.swift; path = Fixture.swift; sourceTree = "<group>"; };
		49B7152A1F9D58D100132AD7 /* PlayAreaTouchEvents.swift */ = {isa = PBXFileReference; lastKnownFileType = sourcecode.swift; path = PlayAreaTouchEvents.swift; sourceTree = "<group>"; };
		49FD36431FA63D9E009FABA3 /* CurrencyFormat.swift */ = {isa = PBXFileReference; lastKnownFileType = sourcecode.swift; path = CurrencyFormat.swift; sourceTree = "<group>"; };
		4C24BA0D1FB3C08C00EE91B9 /* PassiveIncomeManager.swift */ = {isa = PBXFileReference; fileEncoding = 4; lastKnownFileType = sourcecode.swift; path = PassiveIncomeManager.swift; sourceTree = "<group>"; };
		4C24BA0F1FB3C1FE00EE91B9 /* Notifications.swift */ = {isa = PBXFileReference; fileEncoding = 4; lastKnownFileType = sourcecode.swift; path = Notifications.swift; sourceTree = "<group>"; };
		4C3CBA321FAA4EB00022FFC2 /* Player.swift */ = {isa = PBXFileReference; fileEncoding = 4; lastKnownFileType = sourcecode.swift; path = Player.swift; sourceTree = "<group>"; };
		4C3CBA341FAA515E0022FFC2 /* PassiveIncomeGenerator.swift */ = {isa = PBXFileReference; fileEncoding = 4; lastKnownFileType = sourcecode.swift; path = PassiveIncomeGenerator.swift; sourceTree = "<group>"; };
		4C4898AB1FBBECC500D6C420 /* StartupPopup.swift */ = {isa = PBXFileReference; fileEncoding = 4; lastKnownFileType = sourcecode.swift; path = StartupPopup.swift; sourceTree = "<group>"; };
		4C4898AF1FBBFB1D00D6C420 /* Settings.bundle */ = {isa = PBXFileReference; lastKnownFileType = "wrapper.plug-in"; path = Settings.bundle; sourceTree = "<group>"; };
		4C4898B11FBBFE3900D6C420 /* SettingsBundleHelper.swift */ = {isa = PBXFileReference; lastKnownFileType = sourcecode.swift; path = SettingsBundleHelper.swift; sourceTree = "<group>"; };
		A37572FB1F9286FB0006CC3B /* MyParticle.sks */ = {isa = PBXFileReference; lastKnownFileType = file.sks; path = MyParticle.sks; sourceTree = "<group>"; };
		A37572FC1F9286FB0006CC3B /* Assets.xcassets */ = {isa = PBXFileReference; lastKnownFileType = folder.assetcatalog; path = Assets.xcassets; sourceTree = "<group>"; };
		A37CF7921FB6467200697D70 /* SettingsMenu.swift */ = {isa = PBXFileReference; fileEncoding = 4; lastKnownFileType = sourcecode.swift; path = SettingsMenu.swift; sourceTree = "<group>"; };
		F804A00D1F90485F0028A5A1 /* Shop.swift */ = {isa = PBXFileReference; lastKnownFileType = sourcecode.swift; path = Shop.swift; sourceTree = "<group>"; };
		F804A00F1F904B8D0028A5A1 /* GameState.swift */ = {isa = PBXFileReference; lastKnownFileType = sourcecode.swift; path = GameState.swift; sourceTree = "<group>"; };
		F80E2A001FBCF6A5003E3A2E /* UIClick.mp3 */ = {isa = PBXFileReference; lastKnownFileType = audio.mp3; path = UIClick.mp3; sourceTree = "<group>"; };
		F80E2A021FBCF6A5003E3A2E /* TriangleHit.mp3 */ = {isa = PBXFileReference; lastKnownFileType = audio.mp3; path = TriangleHit.mp3; sourceTree = "<group>"; };
		F80E2A031FBCF6A5003E3A2E /* StarHit.mp3 */ = {isa = PBXFileReference; lastKnownFileType = audio.mp3; path = StarHit.mp3; sourceTree = "<group>"; };
		F80E2A041FBCF6A5003E3A2E /* PentagonHit.mp3 */ = {isa = PBXFileReference; lastKnownFileType = audio.mp3; path = PentagonHit.mp3; sourceTree = "<group>"; };
		F80E2A051FBCF6A5003E3A2E /* HexagonHit.mp3 */ = {isa = PBXFileReference; lastKnownFileType = audio.mp3; path = HexagonHit.mp3; sourceTree = "<group>"; };
		F80E2A061FBCF6A5003E3A2E /* SquareHit.mp3 */ = {isa = PBXFileReference; lastKnownFileType = audio.mp3; path = SquareHit.mp3; sourceTree = "<group>"; };
		F80E2A071FBCF6A5003E3A2E /* CircleHit.mp3 */ = {isa = PBXFileReference; lastKnownFileType = audio.mp3; path = CircleHit.mp3; sourceTree = "<group>"; };
		F83FF1E91F95497100200B30 /* SceneCollectionView.swift */ = {isa = PBXFileReference; lastKnownFileType = sourcecode.swift; path = SceneCollectionView.swift; sourceTree = "<group>"; };
		F83FF1EB1F95596700200B30 /* SceneShapePreview.swift */ = {isa = PBXFileReference; lastKnownFileType = sourcecode.swift; path = SceneShapePreview.swift; sourceTree = "<group>"; };
		F852D27D1FA2A7E2008168A3 /* SceneCollectionViewCell.swift */ = {isa = PBXFileReference; lastKnownFileType = sourcecode.swift; path = SceneCollectionViewCell.swift; sourceTree = "<group>"; };
		F852D2801FA2D43B008168A3 /* NewSceneCollectionViewCell.swift */ = {isa = PBXFileReference; lastKnownFileType = sourcecode.swift; path = NewSceneCollectionViewCell.swift; sourceTree = "<group>"; };
		F898DEBC1FA2FD850028425B /* ProgressBar.swift */ = {isa = PBXFileReference; lastKnownFileType = sourcecode.swift; path = ProgressBar.swift; sourceTree = "<group>"; };
		F8B7C8851FB6867700F072D9 /* CurrentShapes.swift */ = {isa = PBXFileReference; lastKnownFileType = sourcecode.swift; path = CurrentShapes.swift; sourceTree = "<group>"; };
		F8B7C8871FB69F8100F072D9 /* StoreItem.swift */ = {isa = PBXFileReference; lastKnownFileType = sourcecode.swift; path = StoreItem.swift; sourceTree = "<group>"; };
		F8B7C8891FB6BB8A00F072D9 /* ProgressStore.swift */ = {isa = PBXFileReference; lastKnownFileType = sourcecode.swift; path = ProgressStore.swift; sourceTree = "<group>"; };
		F8F7D5121FB64ED900D28CA1 /* SceneCollectionDrag.swift */ = {isa = PBXFileReference; lastKnownFileType = sourcecode.swift; path = SceneCollectionDrag.swift; sourceTree = "<group>"; };
		F8FF741C1F86ED1A0057AF21 /* IncrementalGame.app */ = {isa = PBXFileReference; explicitFileType = wrapper.application; includeInIndex = 0; path = IncrementalGame.app; sourceTree = BUILT_PRODUCTS_DIR; };
		F8FF741F1F86ED1A0057AF21 /* AppDelegate.swift */ = {isa = PBXFileReference; lastKnownFileType = sourcecode.swift; path = AppDelegate.swift; sourceTree = "<group>"; };
		F8FF74211F86ED1A0057AF21 /* ViewController.swift */ = {isa = PBXFileReference; lastKnownFileType = sourcecode.swift; path = ViewController.swift; sourceTree = "<group>"; };
		F8FF74241F86ED1A0057AF21 /* Base */ = {isa = PBXFileReference; lastKnownFileType = file.storyboard; name = Base; path = Base.lproj/Main.storyboard; sourceTree = "<group>"; };
		F8FF74271F86ED1A0057AF21 /* IncrementalGame.xcdatamodel */ = {isa = PBXFileReference; lastKnownFileType = wrapper.xcdatamodel; path = IncrementalGame.xcdatamodel; sourceTree = "<group>"; };
		F8FF742C1F86ED1A0057AF21 /* Base */ = {isa = PBXFileReference; lastKnownFileType = file.storyboard; name = Base; path = Base.lproj/LaunchScreen.storyboard; sourceTree = "<group>"; };
		F8FF742E1F86ED1A0057AF21 /* Info.plist */ = {isa = PBXFileReference; lastKnownFileType = text.plist.xml; path = Info.plist; sourceTree = "<group>"; };
		F8FF74331F86ED1A0057AF21 /* IncrementalGameTests.xctest */ = {isa = PBXFileReference; explicitFileType = wrapper.cfbundle; includeInIndex = 0; path = IncrementalGameTests.xctest; sourceTree = BUILT_PRODUCTS_DIR; };
		F8FF74371F86ED1A0057AF21 /* IncrementalGameTests.swift */ = {isa = PBXFileReference; lastKnownFileType = sourcecode.swift; path = IncrementalGameTests.swift; sourceTree = "<group>"; };
		F8FF74391F86ED1A0057AF21 /* Info.plist */ = {isa = PBXFileReference; lastKnownFileType = text.plist.xml; path = Info.plist; sourceTree = "<group>"; };
		F8FF743E1F86ED1A0057AF21 /* IncrementalGameUITests.xctest */ = {isa = PBXFileReference; explicitFileType = wrapper.cfbundle; includeInIndex = 0; path = IncrementalGameUITests.xctest; sourceTree = BUILT_PRODUCTS_DIR; };
		F8FF74421F86ED1A0057AF21 /* IncrementalGameUITests.swift */ = {isa = PBXFileReference; lastKnownFileType = sourcecode.swift; path = IncrementalGameUITests.swift; sourceTree = "<group>"; };
		F8FF74441F86ED1A0057AF21 /* Info.plist */ = {isa = PBXFileReference; lastKnownFileType = text.plist.xml; path = Info.plist; sourceTree = "<group>"; };
		F8FF74501F86ED2D0057AF21 /* MasterView.swift */ = {isa = PBXFileReference; lastKnownFileType = sourcecode.swift; path = MasterView.swift; sourceTree = "<group>"; };
		F8FF74521F86ED700057AF21 /* InfoPanel.swift */ = {isa = PBXFileReference; lastKnownFileType = sourcecode.swift; path = InfoPanel.swift; sourceTree = "<group>"; };
		F8FF74581F86EDC60057AF21 /* PlayArea.swift */ = {isa = PBXFileReference; lastKnownFileType = sourcecode.swift; path = PlayArea.swift; sourceTree = "<group>"; };
		F8FF745C1F870DD20057AF21 /* MasterViewTouchEvents.swift */ = {isa = PBXFileReference; lastKnownFileType = sourcecode.swift; path = MasterViewTouchEvents.swift; sourceTree = "<group>"; };
		F8FF745E1F87147A0057AF21 /* ObjectType.swift */ = {isa = PBXFileReference; lastKnownFileType = sourcecode.swift; path = ObjectType.swift; sourceTree = "<group>"; };
/* End PBXFileReference section */

/* Begin PBXFrameworksBuildPhase section */
		F8FF74191F86ED1A0057AF21 /* Frameworks */ = {
			isa = PBXFrameworksBuildPhase;
			buildActionMask = 2147483647;
			files = (
			);
			runOnlyForDeploymentPostprocessing = 0;
		};
		F8FF74301F86ED1A0057AF21 /* Frameworks */ = {
			isa = PBXFrameworksBuildPhase;
			buildActionMask = 2147483647;
			files = (
			);
			runOnlyForDeploymentPostprocessing = 0;
		};
		F8FF743B1F86ED1A0057AF21 /* Frameworks */ = {
			isa = PBXFrameworksBuildPhase;
			buildActionMask = 2147483647;
			files = (
			);
			runOnlyForDeploymentPostprocessing = 0;
		};
/* End PBXFrameworksBuildPhase section */

/* Begin PBXGroup section */
		4C24BA0C1FB3C04100EE91B9 /* PassiveIncomeGenerator */ = {
			isa = PBXGroup;
			children = (
				4C3CBA341FAA515E0022FFC2 /* PassiveIncomeGenerator.swift */,
				4C24BA0D1FB3C08C00EE91B9 /* PassiveIncomeManager.swift */,
			);
			name = PassiveIncomeGenerator;
			path = "New Group";
			sourceTree = "<group>";
		};
		F80E29FE1FBCF6A5003E3A2E /* Sounds */ = {
			isa = PBXGroup;
			children = (
				F80E29FF1FBCF6A5003E3A2E /* UI */,
				F80E2A011FBCF6A5003E3A2E /* Collisions */,
			);
			path = Sounds;
			sourceTree = "<group>";
		};
		F80E29FF1FBCF6A5003E3A2E /* UI */ = {
			isa = PBXGroup;
			children = (
				F80E2A001FBCF6A5003E3A2E /* UIClick.mp3 */,
			);
			path = UI;
			sourceTree = "<group>";
		};
		F80E2A011FBCF6A5003E3A2E /* Collisions */ = {
			isa = PBXGroup;
			children = (
				F80E2A021FBCF6A5003E3A2E /* TriangleHit.mp3 */,
				F80E2A031FBCF6A5003E3A2E /* StarHit.mp3 */,
				F80E2A041FBCF6A5003E3A2E /* PentagonHit.mp3 */,
				F80E2A051FBCF6A5003E3A2E /* HexagonHit.mp3 */,
				F80E2A061FBCF6A5003E3A2E /* SquareHit.mp3 */,
				F80E2A071FBCF6A5003E3A2E /* CircleHit.mp3 */,
			);
			path = Collisions;
			sourceTree = "<group>";
		};
		F82CA3EF1FAE3C520020DD98 /* PlayArea */ = {
			isa = PBXGroup;
			children = (
				F8FF74581F86EDC60057AF21 /* PlayArea.swift */,
				49B7152A1F9D58D100132AD7 /* PlayAreaTouchEvents.swift */,
				F8FF745E1F87147A0057AF21 /* ObjectType.swift */,
				49B715241F9D024800132AD7 /* GameObject.swift */,
				49B715261F9D04FD00132AD7 /* Shape.swift */,
				49B715281F9D05EA00132AD7 /* Fixture.swift */,
				494605AA1F88364C00B18145 /* Zone.swift */,
			);
			path = PlayArea;
			sourceTree = "<group>";
		};
		F82CA3F01FAE3C6E0020DD98 /* Controller */ = {
			isa = PBXGroup;
			children = (
				F8FF74211F86ED1A0057AF21 /* ViewController.swift */,
				F8FF74501F86ED2D0057AF21 /* MasterView.swift */,
				F8FF745C1F870DD20057AF21 /* MasterViewTouchEvents.swift */,
			);
			path = Controller;
			sourceTree = "<group>";
		};
		F82CA3F11FAE3C7A0020DD98 /* Model */ = {
			isa = PBXGroup;
			children = (
				F804A00F1F904B8D0028A5A1 /* GameState.swift */,
				4C3CBA321FAA4EB00022FFC2 /* Player.swift */,
			);
			path = Model;
			sourceTree = "<group>";
		};
		F852D27F1FA2A7E5008168A3 /* ScenePreview */ = {
			isa = PBXGroup;
			children = (
				F83FF1E91F95497100200B30 /* SceneCollectionView.swift */,
				F8F7D5121FB64ED900D28CA1 /* SceneCollectionDrag.swift */,
				F852D27D1FA2A7E2008168A3 /* SceneCollectionViewCell.swift */,
				F83FF1EB1F95596700200B30 /* SceneShapePreview.swift */,
				F852D2801FA2D43B008168A3 /* NewSceneCollectionViewCell.swift */,
			);
			path = ScenePreview;
			sourceTree = "<group>";
		};
		F898DEBE1FA2FDEA0028425B /* InfoPanel */ = {
			isa = PBXGroup;
			children = (
				A37CF7921FB6467200697D70 /* SettingsMenu.swift */,
				F8FF74521F86ED700057AF21 /* InfoPanel.swift */,
				F898DEBC1FA2FD850028425B /* ProgressBar.swift */,
				F8B7C8851FB6867700F072D9 /* CurrentShapes.swift */,
				F8B7C8871FB69F8100F072D9 /* StoreItem.swift */,
				F8B7C8891FB6BB8A00F072D9 /* ProgressStore.swift */,
			);
			path = InfoPanel;
			sourceTree = "<group>";
		};
		F8FF74131F86ED190057AF21 = {
			isa = PBXGroup;
			children = (
				F8FF741E1F86ED1A0057AF21 /* IncrementalGame */,
				F8FF74361F86ED1A0057AF21 /* IncrementalGameTests */,
				F8FF74411F86ED1A0057AF21 /* IncrementalGameUITests */,
				F8FF741D1F86ED1A0057AF21 /* Products */,
			);
			sourceTree = "<group>";
		};
		F8FF741D1F86ED1A0057AF21 /* Products */ = {
			isa = PBXGroup;
			children = (
				F8FF741C1F86ED1A0057AF21 /* IncrementalGame.app */,
				F8FF74331F86ED1A0057AF21 /* IncrementalGameTests.xctest */,
				F8FF743E1F86ED1A0057AF21 /* IncrementalGameUITests.xctest */,
			);
			name = Products;
			sourceTree = "<group>";
		};
		F8FF741E1F86ED1A0057AF21 /* IncrementalGame */ = {
			isa = PBXGroup;
			children = (
				F80E29FE1FBCF6A5003E3A2E /* Sounds */,
				4C24BA0F1FB3C1FE00EE91B9 /* Notifications.swift */,
				4C24BA0C1FB3C04100EE91B9 /* PassiveIncomeGenerator */,
				F8FF741F1F86ED1A0057AF21 /* AppDelegate.swift */,
				F82CA3F01FAE3C6E0020DD98 /* Controller */,
				F898DEBE1FA2FDEA0028425B /* InfoPanel */,
				F82CA3EF1FAE3C520020DD98 /* PlayArea */,
				F82CA3F11FAE3C7A0020DD98 /* Model */,
				F804A00D1F90485F0028A5A1 /* Shop.swift */,
				F852D27F1FA2A7E5008168A3 /* ScenePreview */,
				F8FF74231F86ED1A0057AF21 /* Main.storyboard */,
				F8FF742B1F86ED1A0057AF21 /* LaunchScreen.storyboard */,
				F8FF742E1F86ED1A0057AF21 /* Info.plist */,
				F8FF74261F86ED1A0057AF21 /* IncrementalGame.xcdatamodeld */,
				A37572FB1F9286FB0006CC3B /* MyParticle.sks */,
				A37572FC1F9286FB0006CC3B /* Assets.xcassets */,
				49FD36431FA63D9E009FABA3 /* CurrencyFormat.swift */,
				4C4898AB1FBBECC500D6C420 /* StartupPopup.swift */,
				4C4898AF1FBBFB1D00D6C420 /* Settings.bundle */,
				4C4898B11FBBFE3900D6C420 /* SettingsBundleHelper.swift */,
			);
			path = IncrementalGame;
			sourceTree = "<group>";
		};
		F8FF74361F86ED1A0057AF21 /* IncrementalGameTests */ = {
			isa = PBXGroup;
			children = (
				F8FF74371F86ED1A0057AF21 /* IncrementalGameTests.swift */,
				F8FF74391F86ED1A0057AF21 /* Info.plist */,
			);
			path = IncrementalGameTests;
			sourceTree = "<group>";
		};
		F8FF74411F86ED1A0057AF21 /* IncrementalGameUITests */ = {
			isa = PBXGroup;
			children = (
				F8FF74421F86ED1A0057AF21 /* IncrementalGameUITests.swift */,
				F8FF74441F86ED1A0057AF21 /* Info.plist */,
			);
			path = IncrementalGameUITests;
			sourceTree = "<group>";
		};
/* End PBXGroup section */

/* Begin PBXNativeTarget section */
		F8FF741B1F86ED1A0057AF21 /* IncrementalGame */ = {
			isa = PBXNativeTarget;
			buildConfigurationList = F8FF74471F86ED1A0057AF21 /* Build configuration list for PBXNativeTarget "IncrementalGame" */;
			buildPhases = (
				F8FF74181F86ED1A0057AF21 /* Sources */,
				F8FF74191F86ED1A0057AF21 /* Frameworks */,
				F8FF741A1F86ED1A0057AF21 /* Resources */,
			);
			buildRules = (
			);
			dependencies = (
			);
			name = IncrementalGame;
			productName = IncrementalGame;
			productReference = F8FF741C1F86ED1A0057AF21 /* IncrementalGame.app */;
			productType = "com.apple.product-type.application";
		};
		F8FF74321F86ED1A0057AF21 /* IncrementalGameTests */ = {
			isa = PBXNativeTarget;
			buildConfigurationList = F8FF744A1F86ED1A0057AF21 /* Build configuration list for PBXNativeTarget "IncrementalGameTests" */;
			buildPhases = (
				F8FF742F1F86ED1A0057AF21 /* Sources */,
				F8FF74301F86ED1A0057AF21 /* Frameworks */,
				F8FF74311F86ED1A0057AF21 /* Resources */,
			);
			buildRules = (
			);
			dependencies = (
				F8FF74351F86ED1A0057AF21 /* PBXTargetDependency */,
			);
			name = IncrementalGameTests;
			productName = IncrementalGameTests;
			productReference = F8FF74331F86ED1A0057AF21 /* IncrementalGameTests.xctest */;
			productType = "com.apple.product-type.bundle.unit-test";
		};
		F8FF743D1F86ED1A0057AF21 /* IncrementalGameUITests */ = {
			isa = PBXNativeTarget;
			buildConfigurationList = F8FF744D1F86ED1A0057AF21 /* Build configuration list for PBXNativeTarget "IncrementalGameUITests" */;
			buildPhases = (
				F8FF743A1F86ED1A0057AF21 /* Sources */,
				F8FF743B1F86ED1A0057AF21 /* Frameworks */,
				F8FF743C1F86ED1A0057AF21 /* Resources */,
			);
			buildRules = (
			);
			dependencies = (
				F8FF74401F86ED1A0057AF21 /* PBXTargetDependency */,
			);
			name = IncrementalGameUITests;
			productName = IncrementalGameUITests;
			productReference = F8FF743E1F86ED1A0057AF21 /* IncrementalGameUITests.xctest */;
			productType = "com.apple.product-type.bundle.ui-testing";
		};
/* End PBXNativeTarget section */

/* Begin PBXProject section */
		F8FF74141F86ED190057AF21 /* Project object */ = {
			isa = PBXProject;
			attributes = {
				LastSwiftUpdateCheck = 0900;
				LastUpgradeCheck = 0900;
				ORGANIZATIONNAME = "Ben Grande";
				TargetAttributes = {
					F8FF741B1F86ED1A0057AF21 = {
						CreatedOnToolsVersion = 9.0;
						ProvisioningStyle = Automatic;
					};
					F8FF74321F86ED1A0057AF21 = {
						CreatedOnToolsVersion = 9.0;
						ProvisioningStyle = Automatic;
						TestTargetID = F8FF741B1F86ED1A0057AF21;
					};
					F8FF743D1F86ED1A0057AF21 = {
						CreatedOnToolsVersion = 9.0;
						ProvisioningStyle = Automatic;
						TestTargetID = F8FF741B1F86ED1A0057AF21;
					};
				};
			};
			buildConfigurationList = F8FF74171F86ED190057AF21 /* Build configuration list for PBXProject "IncrementalGame" */;
			compatibilityVersion = "Xcode 8.0";
			developmentRegion = en;
			hasScannedForEncodings = 0;
			knownRegions = (
				en,
				Base,
			);
			mainGroup = F8FF74131F86ED190057AF21;
			productRefGroup = F8FF741D1F86ED1A0057AF21 /* Products */;
			projectDirPath = "";
			projectRoot = "";
			targets = (
				F8FF741B1F86ED1A0057AF21 /* IncrementalGame */,
				F8FF74321F86ED1A0057AF21 /* IncrementalGameTests */,
				F8FF743D1F86ED1A0057AF21 /* IncrementalGameUITests */,
			);
		};
/* End PBXProject section */

/* Begin PBXResourcesBuildPhase section */
		F8FF741A1F86ED1A0057AF21 /* Resources */ = {
			isa = PBXResourcesBuildPhase;
			buildActionMask = 2147483647;
			files = (
				F80E2A0D1FBCF6A5003E3A2E /* SquareHit.mp3 in Resources */,
				F80E2A0A1FBCF6A5003E3A2E /* StarHit.mp3 in Resources */,
				F8FF742D1F86ED1A0057AF21 /* LaunchScreen.storyboard in Resources */,
				F80E2A081FBCF6A5003E3A2E /* UIClick.mp3 in Resources */,
				A37572FD1F9286FB0006CC3B /* MyParticle.sks in Resources */,
				4C4898B01FBBFB1D00D6C420 /* Settings.bundle in Resources */,
				F80E2A0E1FBCF6A5003E3A2E /* CircleHit.mp3 in Resources */,
				F80E2A0B1FBCF6A5003E3A2E /* PentagonHit.mp3 in Resources */,
				A37572FE1F9286FB0006CC3B /* Assets.xcassets in Resources */,
				F80E2A091FBCF6A5003E3A2E /* TriangleHit.mp3 in Resources */,
				F8FF74251F86ED1A0057AF21 /* Main.storyboard in Resources */,
				F80E2A0C1FBCF6A5003E3A2E /* HexagonHit.mp3 in Resources */,
			);
			runOnlyForDeploymentPostprocessing = 0;
		};
		F8FF74311F86ED1A0057AF21 /* Resources */ = {
			isa = PBXResourcesBuildPhase;
			buildActionMask = 2147483647;
			files = (
			);
			runOnlyForDeploymentPostprocessing = 0;
		};
		F8FF743C1F86ED1A0057AF21 /* Resources */ = {
			isa = PBXResourcesBuildPhase;
			buildActionMask = 2147483647;
			files = (
			);
			runOnlyForDeploymentPostprocessing = 0;
		};
/* End PBXResourcesBuildPhase section */

/* Begin PBXSourcesBuildPhase section */
		F8FF74181F86ED1A0057AF21 /* Sources */ = {
			isa = PBXSourcesBuildPhase;
			buildActionMask = 2147483647;
			files = (
				4C4898B21FBBFE3900D6C420 /* SettingsBundleHelper.swift in Sources */,
				4C3CBA331FAA4EB10022FFC2 /* Player.swift in Sources */,
				49FD36441FA63D9E009FABA3 /* CurrencyFormat.swift in Sources */,
				F8FF745F1F87147A0057AF21 /* ObjectType.swift in Sources */,
				F8F7D5131FB64ED900D28CA1 /* SceneCollectionDrag.swift in Sources */,
				F8FF74591F86EDC60057AF21 /* PlayArea.swift in Sources */,
				49B715251F9D024800132AD7 /* GameObject.swift in Sources */,
				F852D27E1FA2A7E2008168A3 /* SceneCollectionViewCell.swift in Sources */,
				4C24BA0E1FB3C08C00EE91B9 /* PassiveIncomeManager.swift in Sources */,
				F8FF74531F86ED700057AF21 /* InfoPanel.swift in Sources */,
				F8FF74281F86ED1A0057AF21 /* IncrementalGame.xcdatamodeld in Sources */,
				F83FF1EA1F95497100200B30 /* SceneCollectionView.swift in Sources */,
				F852D2811FA2D43B008168A3 /* NewSceneCollectionViewCell.swift in Sources */,
				494605AB1F88364C00B18145 /* Zone.swift in Sources */,
				F804A0101F904B8D0028A5A1 /* GameState.swift in Sources */,
				A37CF7931FB6467200697D70 /* SettingsMenu.swift in Sources */,
				F83FF1EC1F95596700200B30 /* SceneShapePreview.swift in Sources */,
				F8B7C88A1FB6BB8A00F072D9 /* ProgressStore.swift in Sources */,
				F8FF745D1F870DD20057AF21 /* MasterViewTouchEvents.swift in Sources */,
				4C24BA101FB3C1FF00EE91B9 /* Notifications.swift in Sources */,
				F8B7C8881FB69F8100F072D9 /* StoreItem.swift in Sources */,
				49B715271F9D04FD00132AD7 /* Shape.swift in Sources */,
				F804A00E1F90485F0028A5A1 /* Shop.swift in Sources */,
				F8FF74221F86ED1A0057AF21 /* ViewController.swift in Sources */,
				F8B7C8861FB6867700F072D9 /* CurrentShapes.swift in Sources */,
				F8FF74511F86ED2D0057AF21 /* MasterView.swift in Sources */,
				F8FF74201F86ED1A0057AF21 /* AppDelegate.swift in Sources */,
				4C3CBA351FAA515F0022FFC2 /* PassiveIncomeGenerator.swift in Sources */,
				49B715291F9D05EA00132AD7 /* Fixture.swift in Sources */,
				4C4898AC1FBBECC500D6C420 /* StartupPopup.swift in Sources */,
				F898DEBD1FA2FD850028425B /* ProgressBar.swift in Sources */,
				49B7152B1F9D58D100132AD7 /* PlayAreaTouchEvents.swift in Sources */,
			);
			runOnlyForDeploymentPostprocessing = 0;
		};
		F8FF742F1F86ED1A0057AF21 /* Sources */ = {
			isa = PBXSourcesBuildPhase;
			buildActionMask = 2147483647;
			files = (
				F8FF74381F86ED1A0057AF21 /* IncrementalGameTests.swift in Sources */,
			);
			runOnlyForDeploymentPostprocessing = 0;
		};
		F8FF743A1F86ED1A0057AF21 /* Sources */ = {
			isa = PBXSourcesBuildPhase;
			buildActionMask = 2147483647;
			files = (
				F8FF74431F86ED1A0057AF21 /* IncrementalGameUITests.swift in Sources */,
			);
			runOnlyForDeploymentPostprocessing = 0;
		};
/* End PBXSourcesBuildPhase section */

/* Begin PBXTargetDependency section */
		F8FF74351F86ED1A0057AF21 /* PBXTargetDependency */ = {
			isa = PBXTargetDependency;
			target = F8FF741B1F86ED1A0057AF21 /* IncrementalGame */;
			targetProxy = F8FF74341F86ED1A0057AF21 /* PBXContainerItemProxy */;
		};
		F8FF74401F86ED1A0057AF21 /* PBXTargetDependency */ = {
			isa = PBXTargetDependency;
			target = F8FF741B1F86ED1A0057AF21 /* IncrementalGame */;
			targetProxy = F8FF743F1F86ED1A0057AF21 /* PBXContainerItemProxy */;
		};
/* End PBXTargetDependency section */

/* Begin PBXVariantGroup section */
		F8FF74231F86ED1A0057AF21 /* Main.storyboard */ = {
			isa = PBXVariantGroup;
			children = (
				F8FF74241F86ED1A0057AF21 /* Base */,
			);
			name = Main.storyboard;
			sourceTree = "<group>";
		};
		F8FF742B1F86ED1A0057AF21 /* LaunchScreen.storyboard */ = {
			isa = PBXVariantGroup;
			children = (
				F8FF742C1F86ED1A0057AF21 /* Base */,
			);
			name = LaunchScreen.storyboard;
			sourceTree = "<group>";
		};
/* End PBXVariantGroup section */

/* Begin XCBuildConfiguration section */
		F8FF74451F86ED1A0057AF21 /* Debug */ = {
			isa = XCBuildConfiguration;
			buildSettings = {
				ALWAYS_SEARCH_USER_PATHS = NO;
				CLANG_ANALYZER_NONNULL = YES;
				CLANG_ANALYZER_NUMBER_OBJECT_CONVERSION = YES_AGGRESSIVE;
				CLANG_CXX_LANGUAGE_STANDARD = "gnu++14";
				CLANG_CXX_LIBRARY = "libc++";
				CLANG_ENABLE_MODULES = YES;
				CLANG_ENABLE_OBJC_ARC = YES;
				CLANG_WARN_BLOCK_CAPTURE_AUTORELEASING = YES;
				CLANG_WARN_BOOL_CONVERSION = YES;
				CLANG_WARN_COMMA = YES;
				CLANG_WARN_CONSTANT_CONVERSION = YES;
				CLANG_WARN_DIRECT_OBJC_ISA_USAGE = YES_ERROR;
				CLANG_WARN_DOCUMENTATION_COMMENTS = YES;
				CLANG_WARN_EMPTY_BODY = YES;
				CLANG_WARN_ENUM_CONVERSION = YES;
				CLANG_WARN_INFINITE_RECURSION = YES;
				CLANG_WARN_INT_CONVERSION = YES;
				CLANG_WARN_NON_LITERAL_NULL_CONVERSION = YES;
				CLANG_WARN_OBJC_LITERAL_CONVERSION = YES;
				CLANG_WARN_OBJC_ROOT_CLASS = YES_ERROR;
				CLANG_WARN_RANGE_LOOP_ANALYSIS = YES;
				CLANG_WARN_STRICT_PROTOTYPES = YES;
				CLANG_WARN_SUSPICIOUS_MOVE = YES;
				CLANG_WARN_UNGUARDED_AVAILABILITY = YES_AGGRESSIVE;
				CLANG_WARN_UNREACHABLE_CODE = YES;
				CLANG_WARN__DUPLICATE_METHOD_MATCH = YES;
				CODE_SIGN_IDENTITY = "iPhone Developer";
				COPY_PHASE_STRIP = NO;
				DEBUG_INFORMATION_FORMAT = dwarf;
				ENABLE_STRICT_OBJC_MSGSEND = YES;
				ENABLE_TESTABILITY = YES;
				GCC_C_LANGUAGE_STANDARD = gnu11;
				GCC_DYNAMIC_NO_PIC = NO;
				GCC_NO_COMMON_BLOCKS = YES;
				GCC_OPTIMIZATION_LEVEL = 0;
				GCC_PREPROCESSOR_DEFINITIONS = (
					"DEBUG=1",
					"$(inherited)",
				);
				GCC_WARN_64_TO_32_BIT_CONVERSION = YES;
				GCC_WARN_ABOUT_RETURN_TYPE = YES_ERROR;
				GCC_WARN_UNDECLARED_SELECTOR = YES;
				GCC_WARN_UNINITIALIZED_AUTOS = YES_AGGRESSIVE;
				GCC_WARN_UNUSED_FUNCTION = YES;
				GCC_WARN_UNUSED_VARIABLE = YES;
				IPHONEOS_DEPLOYMENT_TARGET = 11.0;
				MTL_ENABLE_DEBUG_INFO = YES;
				ONLY_ACTIVE_ARCH = YES;
				SDKROOT = iphoneos;
				SWIFT_ACTIVE_COMPILATION_CONDITIONS = DEBUG;
				SWIFT_OPTIMIZATION_LEVEL = "-Onone";
			};
			name = Debug;
		};
		F8FF74461F86ED1A0057AF21 /* Release */ = {
			isa = XCBuildConfiguration;
			buildSettings = {
				ALWAYS_SEARCH_USER_PATHS = NO;
				CLANG_ANALYZER_NONNULL = YES;
				CLANG_ANALYZER_NUMBER_OBJECT_CONVERSION = YES_AGGRESSIVE;
				CLANG_CXX_LANGUAGE_STANDARD = "gnu++14";
				CLANG_CXX_LIBRARY = "libc++";
				CLANG_ENABLE_MODULES = YES;
				CLANG_ENABLE_OBJC_ARC = YES;
				CLANG_WARN_BLOCK_CAPTURE_AUTORELEASING = YES;
				CLANG_WARN_BOOL_CONVERSION = YES;
				CLANG_WARN_COMMA = YES;
				CLANG_WARN_CONSTANT_CONVERSION = YES;
				CLANG_WARN_DIRECT_OBJC_ISA_USAGE = YES_ERROR;
				CLANG_WARN_DOCUMENTATION_COMMENTS = YES;
				CLANG_WARN_EMPTY_BODY = YES;
				CLANG_WARN_ENUM_CONVERSION = YES;
				CLANG_WARN_INFINITE_RECURSION = YES;
				CLANG_WARN_INT_CONVERSION = YES;
				CLANG_WARN_NON_LITERAL_NULL_CONVERSION = YES;
				CLANG_WARN_OBJC_LITERAL_CONVERSION = YES;
				CLANG_WARN_OBJC_ROOT_CLASS = YES_ERROR;
				CLANG_WARN_RANGE_LOOP_ANALYSIS = YES;
				CLANG_WARN_STRICT_PROTOTYPES = YES;
				CLANG_WARN_SUSPICIOUS_MOVE = YES;
				CLANG_WARN_UNGUARDED_AVAILABILITY = YES_AGGRESSIVE;
				CLANG_WARN_UNREACHABLE_CODE = YES;
				CLANG_WARN__DUPLICATE_METHOD_MATCH = YES;
				CODE_SIGN_IDENTITY = "iPhone Developer";
				COPY_PHASE_STRIP = NO;
				DEBUG_INFORMATION_FORMAT = "dwarf-with-dsym";
				ENABLE_NS_ASSERTIONS = NO;
				ENABLE_STRICT_OBJC_MSGSEND = YES;
				GCC_C_LANGUAGE_STANDARD = gnu11;
				GCC_NO_COMMON_BLOCKS = YES;
				GCC_WARN_64_TO_32_BIT_CONVERSION = YES;
				GCC_WARN_ABOUT_RETURN_TYPE = YES_ERROR;
				GCC_WARN_UNDECLARED_SELECTOR = YES;
				GCC_WARN_UNINITIALIZED_AUTOS = YES_AGGRESSIVE;
				GCC_WARN_UNUSED_FUNCTION = YES;
				GCC_WARN_UNUSED_VARIABLE = YES;
				IPHONEOS_DEPLOYMENT_TARGET = 11.0;
				MTL_ENABLE_DEBUG_INFO = NO;
				SDKROOT = iphoneos;
				SWIFT_OPTIMIZATION_LEVEL = "-Owholemodule";
				VALIDATE_PRODUCT = YES;
			};
			name = Release;
		};
		F8FF74481F86ED1A0057AF21 /* Debug */ = {
			isa = XCBuildConfiguration;
			buildSettings = {
				ASSETCATALOG_COMPILER_APPICON_NAME = AppIcon;
				CODE_SIGN_STYLE = Automatic;
				DEVELOPMENT_TEAM = GXVTL6Z46Q;
				INFOPLIST_FILE = IncrementalGame/Info.plist;
				LD_RUNPATH_SEARCH_PATHS = "$(inherited) @executable_path/Frameworks";
				PRODUCT_BUNDLE_IDENTIFIER = luke.599incremental;
				PRODUCT_NAME = "$(TARGET_NAME)";
				SWIFT_VERSION = 4.0;
				TARGETED_DEVICE_FAMILY = "1,2";
			};
			name = Debug;
		};
		F8FF74491F86ED1A0057AF21 /* Release */ = {
			isa = XCBuildConfiguration;
			buildSettings = {
				ASSETCATALOG_COMPILER_APPICON_NAME = AppIcon;
				CODE_SIGN_STYLE = Automatic;
				DEVELOPMENT_TEAM = GXVTL6Z46Q;
				INFOPLIST_FILE = IncrementalGame/Info.plist;
				LD_RUNPATH_SEARCH_PATHS = "$(inherited) @executable_path/Frameworks";
				PRODUCT_BUNDLE_IDENTIFIER = luke.599incremental;
				PRODUCT_NAME = "$(TARGET_NAME)";
				SWIFT_VERSION = 4.0;
				TARGETED_DEVICE_FAMILY = "1,2";
			};
			name = Release;
		};
		F8FF744B1F86ED1A0057AF21 /* Debug */ = {
			isa = XCBuildConfiguration;
			buildSettings = {
				ALWAYS_EMBED_SWIFT_STANDARD_LIBRARIES = YES;
				BUNDLE_LOADER = "$(TEST_HOST)";
				CODE_SIGN_STYLE = Automatic;
				INFOPLIST_FILE = IncrementalGameTests/Info.plist;
				LD_RUNPATH_SEARCH_PATHS = "$(inherited) @executable_path/Frameworks @loader_path/Frameworks";
				PRODUCT_BUNDLE_IDENTIFIER = s.IncrementalGameTests;
				PRODUCT_NAME = "$(TARGET_NAME)";
				SWIFT_VERSION = 4.0;
				TARGETED_DEVICE_FAMILY = "1,2";
				TEST_HOST = "$(BUILT_PRODUCTS_DIR)/IncrementalGame.app/IncrementalGame";
			};
			name = Debug;
		};
		F8FF744C1F86ED1A0057AF21 /* Release */ = {
			isa = XCBuildConfiguration;
			buildSettings = {
				ALWAYS_EMBED_SWIFT_STANDARD_LIBRARIES = YES;
				BUNDLE_LOADER = "$(TEST_HOST)";
				CODE_SIGN_STYLE = Automatic;
				INFOPLIST_FILE = IncrementalGameTests/Info.plist;
				LD_RUNPATH_SEARCH_PATHS = "$(inherited) @executable_path/Frameworks @loader_path/Frameworks";
				PRODUCT_BUNDLE_IDENTIFIER = s.IncrementalGameTests;
				PRODUCT_NAME = "$(TARGET_NAME)";
				SWIFT_VERSION = 4.0;
				TARGETED_DEVICE_FAMILY = "1,2";
				TEST_HOST = "$(BUILT_PRODUCTS_DIR)/IncrementalGame.app/IncrementalGame";
			};
			name = Release;
		};
		F8FF744E1F86ED1A0057AF21 /* Debug */ = {
			isa = XCBuildConfiguration;
			buildSettings = {
				ALWAYS_EMBED_SWIFT_STANDARD_LIBRARIES = YES;
				CODE_SIGN_STYLE = Automatic;
				INFOPLIST_FILE = IncrementalGameUITests/Info.plist;
				LD_RUNPATH_SEARCH_PATHS = "$(inherited) @executable_path/Frameworks @loader_path/Frameworks";
				PRODUCT_BUNDLE_IDENTIFIER = s.IncrementalGameUITests;
				PRODUCT_NAME = "$(TARGET_NAME)";
				SWIFT_VERSION = 4.0;
				TARGETED_DEVICE_FAMILY = "1,2";
				TEST_TARGET_NAME = IncrementalGame;
			};
			name = Debug;
		};
		F8FF744F1F86ED1A0057AF21 /* Release */ = {
			isa = XCBuildConfiguration;
			buildSettings = {
				ALWAYS_EMBED_SWIFT_STANDARD_LIBRARIES = YES;
				CODE_SIGN_STYLE = Automatic;
				INFOPLIST_FILE = IncrementalGameUITests/Info.plist;
				LD_RUNPATH_SEARCH_PATHS = "$(inherited) @executable_path/Frameworks @loader_path/Frameworks";
				PRODUCT_BUNDLE_IDENTIFIER = s.IncrementalGameUITests;
				PRODUCT_NAME = "$(TARGET_NAME)";
				SWIFT_VERSION = 4.0;
				TARGETED_DEVICE_FAMILY = "1,2";
				TEST_TARGET_NAME = IncrementalGame;
			};
			name = Release;
		};
/* End XCBuildConfiguration section */

/* Begin XCConfigurationList section */
		F8FF74171F86ED190057AF21 /* Build configuration list for PBXProject "IncrementalGame" */ = {
			isa = XCConfigurationList;
			buildConfigurations = (
				F8FF74451F86ED1A0057AF21 /* Debug */,
				F8FF74461F86ED1A0057AF21 /* Release */,
			);
			defaultConfigurationIsVisible = 0;
			defaultConfigurationName = Release;
		};
		F8FF74471F86ED1A0057AF21 /* Build configuration list for PBXNativeTarget "IncrementalGame" */ = {
			isa = XCConfigurationList;
			buildConfigurations = (
				F8FF74481F86ED1A0057AF21 /* Debug */,
				F8FF74491F86ED1A0057AF21 /* Release */,
			);
			defaultConfigurationIsVisible = 0;
			defaultConfigurationName = Release;
		};
		F8FF744A1F86ED1A0057AF21 /* Build configuration list for PBXNativeTarget "IncrementalGameTests" */ = {
			isa = XCConfigurationList;
			buildConfigurations = (
				F8FF744B1F86ED1A0057AF21 /* Debug */,
				F8FF744C1F86ED1A0057AF21 /* Release */,
			);
			defaultConfigurationIsVisible = 0;
			defaultConfigurationName = Release;
		};
		F8FF744D1F86ED1A0057AF21 /* Build configuration list for PBXNativeTarget "IncrementalGameUITests" */ = {
			isa = XCConfigurationList;
			buildConfigurations = (
				F8FF744E1F86ED1A0057AF21 /* Debug */,
				F8FF744F1F86ED1A0057AF21 /* Release */,
			);
			defaultConfigurationIsVisible = 0;
			defaultConfigurationName = Release;
		};
/* End XCConfigurationList section */

/* Begin XCVersionGroup section */
		F8FF74261F86ED1A0057AF21 /* IncrementalGame.xcdatamodeld */ = {
			isa = XCVersionGroup;
			children = (
				F8FF74271F86ED1A0057AF21 /* IncrementalGame.xcdatamodel */,
			);
			currentVersion = F8FF74271F86ED1A0057AF21 /* IncrementalGame.xcdatamodel */;
			path = IncrementalGame.xcdatamodeld;
			sourceTree = "<group>";
			versionGroupType = wrapper.xcdatamodel;
		};
/* End XCVersionGroup section */
	};
	rootObject = F8FF74141F86ED190057AF21 /* Project object */;
}
